<?xml version="1.0" encoding="utf-8"?>
<Project ToolsVersion="4.0" xmlns="http://schemas.microsoft.com/developer/msbuild/2003">
  <ItemGroup>
    <Filter Include="File di origine">
      <UniqueIdentifier>{4FC737F1-C7A5-4376-A066-2A32D752A2FF}</UniqueIdentifier>
      <Extensions>cpp;c;cc;cxx;def;odl;idl;hpj;bat;asm;asmx</Extensions>
    </Filter>
    <Filter Include="File di intestazione">
      <UniqueIdentifier>{93995380-89BD-4b04-88EB-625FBE52EBFB}</UniqueIdentifier>
      <Extensions>h;hh;hpp;hxx;hm;inl;inc;ipp;xsd</Extensions>
    </Filter>
    <Filter Include="File di risorse">
      <UniqueIdentifier>{67DA6AB6-F800-4c08-8B7A-83BB121AAD01}</UniqueIdentifier>
      <Extensions>rc;ico;cur;bmp;dlg;rc2;rct;bin;rgs;gif;jpg;jpeg;jpe;resx;tiff;tif;png;wav;mfcribbon-ms</Extensions>
    </Filter>
  </ItemGroup>
  <ItemGroup>
    <ClCompile Include="entrypoint.cpp">
      <Filter>File di origine</Filter>
    </ClCompile>
    <ClCompile Include="Text\SourceText.cpp">
      <Filter>File di origine</Filter>
    </ClCompile>
    <ClCompile Include="Syntax\Lexer\Lexer.cpp">
      <Filter>File di origine</Filter>
    </ClCompile>
    <ClCompile Include="Syntax\Parser\Parser.cpp">
      <Filter>File di origine</Filter>
    </ClCompile>
    <ClCompile Include="Syntax\SyntaxTree\SyntaxTree.cpp">
      <Filter>File di origine</Filter>
    </ClCompile>
    <ClCompile Include="Syntax\SyntaxRules.cpp">
      <Filter>File di origine</Filter>
    </ClCompile>
    <ClCompile Include="Syntax\Expressions\Expression.cpp">
      <Filter>File di origine</Filter>
    </ClCompile>
    <ClCompile Include="Syntax\Executor\Executor.cpp">
      <Filter>File di origine</Filter>
    </ClCompile>
    <ClCompile Include="Syntax\Statements\Statement.cpp">
      <Filter>File di origine</Filter>
    </ClCompile>
    <ClCompile Include="Syntax\Expressions\Operations\BinaryOperation.cpp">
      <Filter>File di origine</Filter>
    </ClCompile>
    <ClCompile Include="Syntax\Tokens\Token.cpp">
      <Filter>File di origine</Filter>
    </ClCompile>
    <ClCompile Include="Syntax\Statements\ExpressionStatement.cpp">
      <Filter>File di origine</Filter>
    </ClCompile>
    <ClCompile Include="Syntax\Expressions\Operations\UnaryOperation.cpp">
      <Filter>File di origine</Filter>
    </ClCompile>
    <ClCompile Include="Syntax\Expressions\Numeric\NumericLiteral.cpp">
      <Filter>File di origine</Filter>
    </ClCompile>
    <ClCompile Include="Errors\ErrorList.cpp">
      <Filter>File di origine</Filter>
    </ClCompile>
    <ClCompile Include="Errors\ErrorReporter.cpp">
      <Filter>File di origine</Filter>
    </ClCompile>
    <ClCompile Include="Syntax\Statements\VariableDeclaration.cpp">
      <Filter>File di origine</Filter>
    </ClCompile>
    <ClCompile Include="Syntax\SyntaxTree\AstPrinter.cpp">
      <Filter>File di origine</Filter>
    </ClCompile>
  </ItemGroup>
  <ItemGroup>
    <ClInclude Include="Text\TextSpan.h">
      <Filter>File di intestazione</Filter>
    </ClInclude>
    <ClInclude Include="Text\SourceText.h">
      <Filter>File di intestazione</Filter>
    </ClInclude>
    <ClInclude Include="Syntax\Lexer\Lexer.h">
      <Filter>File di intestazione</Filter>
    </ClInclude>
    <ClInclude Include="Syntax\Parser\Parser.h">
      <Filter>File di intestazione</Filter>
    </ClInclude>
    <ClInclude Include="Syntax\Tokens\TokenType.h">
      <Filter>File di intestazione</Filter>
    </ClInclude>
    <ClInclude Include="Syntax\Tokens\Token.h">
      <Filter>File di intestazione</Filter>
    </ClInclude>
    <ClInclude Include="Syntax\SyntaxTree\SyntaxTree.h">
      <Filter>File di intestazione</Filter>
    </ClInclude>
    <ClInclude Include="Syntax\SyntaxRules.h">
      <Filter>File di intestazione</Filter>
    </ClInclude>
    <ClInclude Include="Syntax\Expressions\Expression.h">
      <Filter>File di intestazione</Filter>
    </ClInclude>
    <ClInclude Include="Syntax\Expressions\ExpressionType.h">
      <Filter>File di intestazione</Filter>
    </ClInclude>
    <ClInclude Include="Syntax\Expressions\Operations\BinaryOperation.h">
      <Filter>File di intestazione</Filter>
    </ClInclude>
    <ClInclude Include="Syntax\Expressions\Operations\Operator.h">
      <Filter>File di intestazione</Filter>
    </ClInclude>
    <ClInclude Include="Syntax\Expressions\Operations\UnaryOperation.h">
      <Filter>File di intestazione</Filter>
    </ClInclude>
    <ClInclude Include="Syntax\Expressions\Operations\Operations.h">
      <Filter>File di intestazione</Filter>
    </ClInclude>
    <ClInclude Include="Syntax\Expressions\Numeric\NumericLiteral.h">
      <Filter>File di intestazione</Filter>
    </ClInclude>
    <ClInclude Include="Syntax\Expressions\Numeric\NumericBase.h">
      <Filter>File di intestazione</Filter>
    </ClInclude>
    <ClInclude Include="Syntax\Expressions\Numeric\NumericType.h">
      <Filter>File di intestazione</Filter>
    </ClInclude>
    <ClInclude Include="Syntax\Executor\Executor.h">
      <Filter>File di intestazione</Filter>
    </ClInclude>
    <ClInclude Include="Syntax\Statements\StatementType.h">
      <Filter>File di intestazione</Filter>
    </ClInclude>
    <ClInclude Include="Syntax\Statements\Statement.h">
      <Filter>File di intestazione</Filter>
    </ClInclude>
    <ClInclude Include="Syntax\Statements\ExpressionStatement.h">
      <Filter>File di intestazione</Filter>
    </ClInclude>
    <ClInclude Include="Syntax\Expressions\IdentifierExpression.h">
      <Filter>File di intestazione</Filter>
    </ClInclude>
    <ClInclude Include="Syntax\Tokens\Keyword.h">
      <Filter>File di intestazione</Filter>
    </ClInclude>
    <ClInclude Include="Errors\Error.h">
      <Filter>File di intestazione</Filter>
    </ClInclude>
    <ClInclude Include="Errors\ErrorList.h">
      <Filter>File di intestazione</Filter>
    </ClInclude>
    <ClInclude Include="Errors\ErrorReporter.h">
      <Filter>File di intestazione</Filter>
    </ClInclude>
    <ClInclude Include="DataTypes\Object.h">
      <Filter>File di intestazione</Filter>
    </ClInclude>
    <ClInclude Include="DataTypes\Int.h">
      <Filter>File di intestazione</Filter>
    </ClInclude>
    <ClInclude Include="DataTypes\Float.h">
      <Filter>File di intestazione</Filter>
    </ClInclude>
    <ClInclude Include="DataTypes\Double.h">
      <Filter>File di intestazione</Filter>
    </ClInclude>
    <ClInclude Include="DataTypes\UInt.h">
      <Filter>File di intestazione</Filter>
    </ClInclude>
    <ClInclude Include="DataTypes\TypesTable.h">
      <Filter>File di intestazione</Filter>
    </ClInclude>
    <ClInclude Include="Syntax\Expressions\ParenthesesExpression.h">
      <Filter>File di intestazione</Filter>
    </ClInclude>
    <ClInclude Include="Syntax\Expressions\AssignmentExpression.h">
      <Filter>File di intestazione</Filter>
    </ClInclude>
    <ClInclude Include="Syntax\Expressions\Expressions.h">
      <Filter>File di intestazione</Filter>
    </ClInclude>
    <ClInclude Include="Syntax\Statements\BlockStatement.h">
      <Filter>File di intestazione</Filter>
    </ClInclude>
    <ClInclude Include="Syntax\Statements\Statements.h">
      <Filter>File di intestazione</Filter>
    </ClInclude>
    <ClInclude Include="Syntax\Statements\WhileStatement.h">
      <Filter>File di intestazione</Filter>
    </ClInclude>
    <ClInclude Include="Syntax\Expressions\BooleanLiteral.h">
      <Filter>File di intestazione</Filter>
    </ClInclude>
    <ClInclude Include="Syntax\Statements\IfStatement.h">
      <Filter>File di intestazione</Filter>
    </ClInclude>
    <ClInclude Include="Syntax\Statements\VariableDeclaration.h">
      <Filter>File di intestazione</Filter>
    </ClInclude>
    <ClInclude Include="Syntax\Statements\ForStatement.h">
      <Filter>File di intestazione</Filter>
    </ClInclude>
    <ClInclude Include="Syntax\Expressions\ConditionalDeclaration.h">
      <Filter>File di intestazione</Filter>
    </ClInclude>
    <ClInclude Include="Syntax\SyntaxTree\AstPrinter.h">
      <Filter>File di intestazione</Filter>
    </ClInclude>
  </ItemGroup>
</Project>