<?xml version="1.0" encoding="utf-8"?>
<Project ToolsVersion="4.0" xmlns="http://schemas.microsoft.com/developer/msbuild/2003">
  <ItemGroup>
    <Filter Include="Yac">
      <UniqueIdentifier>{623A880B-CE43-887C-57BF-9E7CC3C7937C}</UniqueIdentifier>
    </Filter>
    <Filter Include="Yac\API">
      <UniqueIdentifier>{4B801DB0-B75F-9C4B-C077-27222CD602AD}</UniqueIdentifier>
    </Filter>
    <Filter Include="Yac\Core">
      <UniqueIdentifier>{FA2BCFB3-E6F8-29BF-0F12-1867FB3D5F4D}</UniqueIdentifier>
    </Filter>
    <Filter Include="Yac\Core\Repl">
      <UniqueIdentifier>{7CEBAC05-E8AB-283C-B1E6-71B91D666D18}</UniqueIdentifier>
    </Filter>
    <Filter Include="Yac\Core\Repl\Commands">
      <UniqueIdentifier>{3D32456E-292C-6EC0-1299-04D1FE31D42C}</UniqueIdentifier>
    </Filter>
    <Filter Include="Yac\DataTypes">
      <UniqueIdentifier>{00AAE221-6C6A-5E58-35A5-A7D5A124A334}</UniqueIdentifier>
    </Filter>
    <Filter Include="Yac\DataTypes\Operators">
      <UniqueIdentifier>{CEACA671-3AE4-EE08-43EE-522CAFA41502}</UniqueIdentifier>
    </Filter>
    <Filter Include="Yac\DataTypes\Types">
      <UniqueIdentifier>{A4ED9023-104F-6E31-99BC-B4E3051DA5F0}</UniqueIdentifier>
    </Filter>
    <Filter Include="Yac\DataTypes\Variables">
      <UniqueIdentifier>{8805DF9C-F43C-2734-FD46-8B5769FD4D2D}</UniqueIdentifier>
    </Filter>
    <Filter Include="Yac\Errors">
      <UniqueIdentifier>{EEE62AE9-DA9E-6C36-43A6-45922F7D0727}</UniqueIdentifier>
    </Filter>
    <Filter Include="Yac\Errors\Exceptions">
      <UniqueIdentifier>{1FFA22BA-8B66-DEB4-545A-7612C085001D}</UniqueIdentifier>
    </Filter>
    <Filter Include="Yac\Libraries">
      <UniqueIdentifier>{4E90CBE6-BA50-471D-838B-909AEF0A8CF9}</UniqueIdentifier>
    </Filter>
    <Filter Include="Yac\Libraries\AllocationTracking">
      <UniqueIdentifier>{D652B55F-C2A3-A0A1-EB07-8F63D7B7330B}</UniqueIdentifier>
    </Filter>
    <Filter Include="Yac\Libraries\AnsiStyle">
      <UniqueIdentifier>{592C084E-C563-50E5-CE6D-B4083A2477DE}</UniqueIdentifier>
    </Filter>
    <Filter Include="Yac\Libraries\Console">
      <UniqueIdentifier>{7015CE8F-DC81-898A-A575-21E811A1ABF2}</UniqueIdentifier>
    </Filter>
    <Filter Include="Yac\Syntax">
      <UniqueIdentifier>{D8AC4F0A-C464-9157-2D6C-6AB319432C48}</UniqueIdentifier>
    </Filter>
    <Filter Include="Yac\Syntax\Executor">
      <UniqueIdentifier>{16E059AE-8241-37BC-0BAF-7D6E770F6E7B}</UniqueIdentifier>
    </Filter>
    <Filter Include="Yac\Syntax\Expressions">
      <UniqueIdentifier>{4AA91A3E-36A3-4390-1F10-DAA00BA9A9FC}</UniqueIdentifier>
    </Filter>
    <Filter Include="Yac\Syntax\Expressions\Assignment">
      <UniqueIdentifier>{D2D8EF4B-3E47-45CB-8730-00CBF3DD3A67}</UniqueIdentifier>
    </Filter>
    <Filter Include="Yac\Syntax\Expressions\Numeric">
      <UniqueIdentifier>{0C41DA77-F866-A4DE-E1AC-29AACD71C9AA}</UniqueIdentifier>
    </Filter>
    <Filter Include="Yac\Syntax\Expressions\Operations">
      <UniqueIdentifier>{5D8CACE2-C9FA-0162-12E4-BC617E91F7FD}</UniqueIdentifier>
    </Filter>
    <Filter Include="Yac\Syntax\Lexer">
      <UniqueIdentifier>{E718BFD0-D311-DE22-FC43-C3A7E89BBD2E}</UniqueIdentifier>
    </Filter>
    <Filter Include="Yac\Syntax\Parser">
      <UniqueIdentifier>{5466ABF1-C07C-A987-09F4-34A975497A0F}</UniqueIdentifier>
    </Filter>
    <Filter Include="Yac\Syntax\Statements">
      <UniqueIdentifier>{AF6BB458-1BD8-6F53-E4CB-07B150F791BB}</UniqueIdentifier>
    </Filter>
    <Filter Include="Yac\Syntax\SyntaxTree">
      <UniqueIdentifier>{BE97E395-2A04-9F90-F3F7-36EE5F23C1F8}</UniqueIdentifier>
    </Filter>
    <Filter Include="Yac\Syntax\Tokens">
      <UniqueIdentifier>{DB4EF9FB-4765-F791-90DC-82B3FC31C819}</UniqueIdentifier>
    </Filter>
    <Filter Include="Yac\Text">
      <UniqueIdentifier>{B654D8B3-A221-33BF-CB3A-2167B766684D}</UniqueIdentifier>
    </Filter>
  </ItemGroup>
  <ItemGroup>
    <ClInclude Include="Yac\API\Bool.h">
      <Filter>Yac\API</Filter>
    </ClInclude>
    <ClInclude Include="Yac\API\Double.h">
      <Filter>Yac\API</Filter>
    </ClInclude>
    <ClInclude Include="Yac\API\Float.h">
      <Filter>Yac\API</Filter>
    </ClInclude>
    <ClInclude Include="Yac\API\IStringable.h">
      <Filter>Yac\API</Filter>
    </ClInclude>
    <ClInclude Include="Yac\API\Int.h">
      <Filter>Yac\API</Filter>
    </ClInclude>
    <ClInclude Include="Yac\API\Numerics.h">
      <Filter>Yac\API</Filter>
    </ClInclude>
    <ClInclude Include="Yac\API\Object.h">
      <Filter>Yac\API</Filter>
    </ClInclude>
    <ClInclude Include="Yac\API\String.h">
      <Filter>Yac\API</Filter>
    </ClInclude>
    <ClInclude Include="Yac\API\UInt.h">
      <Filter>Yac\API</Filter>
    </ClInclude>
    <ClInclude Include="Yac\Core\Primitives.h">
      <Filter>Yac\Core</Filter>
    </ClInclude>
    <ClInclude Include="Yac\Core\Repl\Commands\Command.h">
      <Filter>Yac\Core\Repl\Commands</Filter>
    </ClInclude>
    <ClInclude Include="Yac\Core\Repl\Commands\CommandHandler.h">
      <Filter>Yac\Core\Repl\Commands</Filter>
    </ClInclude>
    <ClInclude Include="Yac\Core\Repl\Commands\CommandTable.h">
      <Filter>Yac\Core\Repl\Commands</Filter>
    </ClInclude>
    <ClInclude Include="Yac\Core\Repl\Commands\ReplCommands.h">
      <Filter>Yac\Core\Repl\Commands</Filter>
    </ClInclude>
    <ClInclude Include="Yac\Core\Repl\Repl.h">
      <Filter>Yac\Core\Repl</Filter>
    </ClInclude>
    <ClInclude Include="Yac\Core\Repl\VariableTable.h">
      <Filter>Yac\Core\Repl</Filter>
    </ClInclude>
    <ClInclude Include="Yac\Libraries\AllocationTracking\AllocationTracking.h">
      <Filter>Yac\Libraries\AllocationTracking</Filter>
    </ClInclude>
    <ClInclude Include="Yac\Libraries\AllocationTracking\AutomaticTracker.h">
      <Filter>Yac\Libraries\AllocationTracking</Filter>
    </ClInclude>
    <ClInclude Include="Yac\Libraries\AnsiStyle\AnsiStyle.h">
      <Filter>Yac\Libraries\AnsiStyle</Filter>
    </ClInclude>
    <ClInclude Include="Yac\Libraries\Console\Console.h">
      <Filter>Yac\Libraries\Console</Filter>
    </ClInclude>
    <ClInclude Include="Yac\Libraries\Platform.h">
      <Filter>Yac\Libraries</Filter>
    </ClInclude>
    <ClInclude Include="Yac\Syntax\Expressions\BooleanLiteral.h">
      <Filter>Yac\Syntax\Expressions</Filter>
    </ClInclude>
    <ClInclude Include="Yac\Syntax\Expressions\ConditionalDeclaration.h">
      <Filter>Yac\Syntax\Expressions</Filter>
    </ClInclude>
    <ClInclude Include="Yac\Syntax\Expressions\Expression.h">
      <Filter>Yac\Syntax\Expressions</Filter>
    </ClInclude>
    <ClInclude Include="Yac\Syntax\Expressions\ExpressionType.h">
      <Filter>Yac\Syntax\Expressions</Filter>
    </ClInclude>
    <ClInclude Include="Yac\Syntax\Expressions\Expressions.h">
      <Filter>Yac\Syntax\Expressions</Filter>
    </ClInclude>
    <ClInclude Include="Yac\Syntax\Expressions\IdentifierExpression.h">
      <Filter>Yac\Syntax\Expressions</Filter>
    </ClInclude>
    <ClInclude Include="Yac\Syntax\Expressions\InlineIfElse.h">
      <Filter>Yac\Syntax\Expressions</Filter>
    </ClInclude>
    <ClInclude Include="Yac\Syntax\Expressions\Numeric\NumericBase.h">
      <Filter>Yac\Syntax\Expressions\Numeric</Filter>
    </ClInclude>
    <ClInclude Include="Yac\Syntax\Expressions\Numeric\NumericLiteral.h">
      <Filter>Yac\Syntax\Expressions\Numeric</Filter>
    </ClInclude>
    <ClInclude Include="Yac\Syntax\Expressions\Numeric\NumericType.h">
      <Filter>Yac\Syntax\Expressions\Numeric</Filter>
    </ClInclude>
    <ClInclude Include="Yac\Syntax\Expressions\Operations\BinaryOperation.h">
      <Filter>Yac\Syntax\Expressions\Operations</Filter>
    </ClInclude>
    <ClInclude Include="Yac\Syntax\Expressions\Operations\Operations.h">
      <Filter>Yac\Syntax\Expressions\Operations</Filter>
    </ClInclude>
    <ClInclude Include="Yac\Syntax\Expressions\Operations\Operator.h">
      <Filter>Yac\Syntax\Expressions\Operations</Filter>
    </ClInclude>
    <ClInclude Include="Yac\Syntax\Expressions\Operations\UnaryOperation.h">
      <Filter>Yac\Syntax\Expressions\Operations</Filter>
    </ClInclude>
    <ClInclude Include="Yac\Syntax\Expressions\ParenthesesExpression.h">
      <Filter>Yac\Syntax\Expressions</Filter>
    </ClInclude>
    <ClInclude Include="Yac\Syntax\Expressions\StringExpression.h">
      <Filter>Yac\Syntax\Expressions</Filter>
    </ClInclude>
    <ClInclude Include="Yac\Syntax\Statements\BlockStatement.h">
      <Filter>Yac\Syntax\Statements</Filter>
    </ClInclude>
    <ClInclude Include="Yac\Syntax\Statements\ExpressionStatement.h">
      <Filter>Yac\Syntax\Statements</Filter>
    </ClInclude>
    <ClInclude Include="Yac\Syntax\Statements\ForStatement.h">
      <Filter>Yac\Syntax\Statements</Filter>
    </ClInclude>
    <ClInclude Include="Yac\Syntax\Statements\IfStatement.h">
      <Filter>Yac\Syntax\Statements</Filter>
    </ClInclude>
    <ClInclude Include="Yac\Syntax\Statements\Statement.h">
      <Filter>Yac\Syntax\Statements</Filter>
    </ClInclude>
    <ClInclude Include="Yac\Syntax\Statements\StatementType.h">
      <Filter>Yac\Syntax\Statements</Filter>
    </ClInclude>
    <ClInclude Include="Yac\Syntax\Statements\Statements.h">
      <Filter>Yac\Syntax\Statements</Filter>
    </ClInclude>
    <ClInclude Include="Yac\Syntax\Statements\VariableDeclaration.h">
      <Filter>Yac\Syntax\Statements</Filter>
    </ClInclude>
    <ClInclude Include="Yac\Syntax\Statements\WhileStatement.h">
      <Filter>Yac\Syntax\Statements</Filter>
    </ClInclude>
    <ClInclude Include="Yac\Syntax\SyntaxTree\AstPrinter.h">
      <Filter>Yac\Syntax\SyntaxTree</Filter>
    </ClInclude>
    <ClInclude Include="Yac\Syntax\SyntaxTree\CompilationUnit.h">
      <Filter>Yac\Syntax\SyntaxTree</Filter>
    </ClInclude>
    <ClInclude Include="Yac\Syntax\SyntaxTree\SyntaxTree.h">
      <Filter>Yac\Syntax\SyntaxTree</Filter>
    </ClInclude>
    <ClInclude Include="Yac\Syntax\Tokens\Token.h">
      <Filter>Yac\Syntax\Tokens</Filter>
    </ClInclude>
    <ClInclude Include="Yac\Syntax\Tokens\TokenType.h">
      <Filter>Yac\Syntax\Tokens</Filter>
    </ClInclude>
    <ClInclude Include="Yac\Core\Errors\Exceptions\ObjectConversionException.h">
      <Filter>Yac\Errors\Exceptions</Filter>
    </ClInclude>
    <ClInclude Include="Yac\Core\Errors\Exceptions\WrongConverterException.h">
      <Filter>Yac\Errors\Exceptions</Filter>
    </ClInclude>
    <ClInclude Include="Yac\Core\Errors\Error.h">
      <Filter>Yac\Errors</Filter>
    </ClInclude>
    <ClInclude Include="Yac\Core\Errors\ErrorList.h">
      <Filter>Yac\Errors</Filter>
    </ClInclude>
    <ClInclude Include="Yac\Core\Text\Line.h">
      <Filter>Yac\Text</Filter>
    </ClInclude>
    <ClInclude Include="Yac\Core\Text\SourceText.h">
      <Filter>Yac\Text</Filter>
    </ClInclude>
    <ClInclude Include="Yac\Core\Text\TextSpan.h">
      <Filter>Yac\Text</Filter>
    </ClInclude>
    <ClInclude Include="Yac\Core\Types\TypeSymbol.h">
      <Filter>Yac\DataTypes\Types</Filter>
    </ClInclude>
    <ClInclude Include="Yac\Core\Types\TypeTable.h">
      <Filter>Yac\DataTypes\Types</Filter>
    </ClInclude>
    <ClInclude Include="Yac\Syntax\Keyword.h">
      <Filter>Yac\Syntax\Tokens</Filter>
    </ClInclude>
    <ClInclude Include="Yac\Syntax\Expressions\AssignmentExpression.h">
      <Filter>Yac\Syntax\Expressions\Assignment</Filter>
    </ClInclude>
    <ClInclude Include="Yac\Syntax\Lexer.h">
      <Filter>Yac\Syntax\Lexer</Filter>
    </ClInclude>
    <ClInclude Include="Yac\Syntax\Parser.h">
      <Filter>Yac\Syntax\Parser</Filter>
    </ClInclude>
    <ClInclude Include="Yac\Runtime\NameTable.h">
      <Filter>Yac\Syntax\Executor</Filter>
    </ClInclude>
    <ClInclude Include="Yac\Runtime\Operators\BinaryOperatorOverload.h">
      <Filter>Yac\DataTypes\Operators</Filter>
    </ClInclude>
    <ClInclude Include="Yac\Runtime\Operators\OperatorOverloads.h">
      <Filter>Yac\DataTypes\Operators</Filter>
    </ClInclude>
    <ClInclude Include="Yac\Runtime\Operators\OperatorsTable.h">
      <Filter>Yac\DataTypes\Operators</Filter>
    </ClInclude>
    <ClInclude Include="Yac\Runtime\Operators\UnaryOperatorOverload.h">
      <Filter>Yac\DataTypes\Operators</Filter>
    </ClInclude>
    <ClInclude Include="Yac\Runtime\Scope.h">
      <Filter>Yac\DataTypes\Variables</Filter>
    </ClInclude>
    <ClInclude Include="Yac\Runtime\Variable.h">
      <Filter>Yac\DataTypes\Variables</Filter>
    </ClInclude>
    <ClInclude Include="Yac\Runtime\Executor.h">
      <Filter>Yac\Syntax\Executor</Filter>
    </ClInclude>
    <ClInclude Include="Yac\Runtime\TypedData.h" />
    <ClInclude Include="Yac\Runtime\Conversion.h">
      <Filter>Yac\DataTypes</Filter>
    </ClInclude>
  </ItemGroup>
  <ItemGroup>
    <ClCompile Include="Yac\Core\Repl\Commands\Command.cpp">
      <Filter>Yac\Core\Repl\Commands</Filter>
    </ClCompile>
    <ClCompile Include="Yac\Core\Repl\Commands\CommandHandler.cpp">
      <Filter>Yac\Core\Repl\Commands</Filter>
    </ClCompile>
    <ClCompile Include="Yac\Core\Repl\Commands\CommandTable.cpp">
      <Filter>Yac\Core\Repl\Commands</Filter>
    </ClCompile>
    <ClCompile Include="Yac\Core\Repl\Commands\ReplCommands.cpp">
      <Filter>Yac\Core\Repl\Commands</Filter>
    </ClCompile>
    <ClCompile Include="Yac\Core\Repl\Repl.cpp">
      <Filter>Yac\Core\Repl</Filter>
    </ClCompile>
    <ClCompile Include="Yac\Libraries\AllocationTracking\AllocationTracking.cpp">
      <Filter>Yac\Libraries\AllocationTracking</Filter>
    </ClCompile>
    <ClCompile Include="Yac\Libraries\AnsiStyle\AnsiStyle.cpp">
      <Filter>Yac\Libraries\AnsiStyle</Filter>
    </ClCompile>
    <ClCompile Include="Yac\Libraries\Console\Console.cpp">
      <Filter>Yac\Libraries\Console</Filter>
    </ClCompile>
    <ClCompile Include="Yac\Syntax\Expressions\Numeric\NumericLiteral.cpp">
      <Filter>Yac\Syntax\Expressions\Numeric</Filter>
    </ClCompile>
    <ClCompile Include="Yac\Syntax\Expressions\Operations\BinaryOperation.cpp">
      <Filter>Yac\Syntax\Expressions\Operations</Filter>
    </ClCompile>
    <ClCompile Include="Yac\Syntax\Expressions\Operations\UnaryOperation.cpp">
      <Filter>Yac\Syntax\Expressions\Operations</Filter>
    </ClCompile>
    <ClCompile Include="Yac\Syntax\Statements\ExpressionStatement.cpp">
      <Filter>Yac\Syntax\Statements</Filter>
    </ClCompile>
    <ClCompile Include="Yac\Syntax\Statements\Statement.cpp">
      <Filter>Yac\Syntax\Statements</Filter>
    </ClCompile>
    <ClCompile Include="Yac\Syntax\Statements\VariableDeclaration.cpp">
      <Filter>Yac\Syntax\Statements</Filter>
    </ClCompile>
    <ClCompile Include="Yac\Syntax\SyntaxTree\AstPrinter.cpp">
      <Filter>Yac\Syntax\SyntaxTree</Filter>
    </ClCompile>
    <ClCompile Include="Yac\Syntax\SyntaxTree\SyntaxTree.cpp">
      <Filter>Yac\Syntax\SyntaxTree</Filter>
    </ClCompile>
    <ClCompile Include="entrypoint.cpp" />
    <ClCompile Include="Yac\Core\Errors\ErrorList.cpp">
      <Filter>Yac\Errors</Filter>
    </ClCompile>
    <ClCompile Include="Yac\Core\Text\SourceText.cpp">
      <Filter>Yac\Text</Filter>
    </ClCompile>
    <ClCompile Include="Yac\Syntax\Expressions\Operations\Operator.cpp" />
    <ClCompile Include="Yac\Syntax\Lexer.cpp">
      <Filter>Yac\Syntax\Lexer</Filter>
    </ClCompile>
    <ClCompile Include="Yac\Syntax\Parser.cpp">
      <Filter>Yac\Syntax\Parser</Filter>
    </ClCompile>
    <ClCompile Include="Yac\Runtime\Scope.cpp">
      <Filter>Yac\DataTypes\Variables</Filter>
    </ClCompile>
    <ClCompile Include="Yac\Runtime\Executor.cpp">
      <Filter>Yac\Syntax\Executor</Filter>
    </ClCompile>
    <ClCompile Include="Yac\Runtime\NameTable.cpp">
      <Filter>Yac\Syntax\Executor</Filter>
    </ClCompile>
  </ItemGroup>
</Project>