<?xml version="1.0" encoding="utf-8"?>
<Project ToolsVersion="4.0" xmlns="http://schemas.microsoft.com/developer/msbuild/2003">
  <ItemGroup>
    <Filter Include="API">
      <UniqueIdentifier>{FFD1870B-6BDB-877C-F456-9E7C605F937C}</UniqueIdentifier>
    </Filter>
    <Filter Include="Core">
      <UniqueIdentifier>{2EB4837C-1AEB-840D-C3D7-6A10AFED000F}</UniqueIdentifier>
    </Filter>
    <Filter Include="Core\Repl">
      <UniqueIdentifier>{30B4C215-9C1E-778C-E55C-2832510655E1}</UniqueIdentifier>
    </Filter>
    <Filter Include="Core\Repl\Commands">
      <UniqueIdentifier>{7105CA7E-5DE9-8AD4-C649-8527B24C7556}</UniqueIdentifier>
    </Filter>
    <Filter Include="DataTypes">
      <UniqueIdentifier>{B472F831-20DD-ACA8-691B-5E4ED5C48AFD}</UniqueIdentifier>
    </Filter>
    <Filter Include="Errors">
      <UniqueIdentifier>{224C22B1-0EEE-4C87-F7A8-60DBE3E9D3D7}</UniqueIdentifier>
    </Filter>
    <Filter Include="Errors\Exceptions">
      <UniqueIdentifier>{D336002F-3F4D-FEC4-88C4-89E6F419CF4C}</UniqueIdentifier>
    </Filter>
    <Filter Include="Libraries">
      <UniqueIdentifier>{0259E1F6-6EC3-956D-B701-471323AB73C2}</UniqueIdentifier>
    </Filter>
    <Filter Include="Libraries\AnsiStyle">
      <UniqueIdentifier>{0D66276F-79C7-047D-0235-4B2F6E953B3C}</UniqueIdentifier>
    </Filter>
    <Filter Include="Libraries\Console">
      <UniqueIdentifier>{2452AB04-9068-A99A-D9DF-34BC45357A22}</UniqueIdentifier>
    </Filter>
    <Filter Include="Syntax">
      <UniqueIdentifier>{0C1247D2-F8B3-71A8-E16E-85FCCDAFF8F8}</UniqueIdentifier>
    </Filter>
    <Filter Include="Syntax\Binding">
      <UniqueIdentifier>{B6F19494-A2BF-889A-8B53-F9C077C064FF}</UniqueIdentifier>
    </Filter>
    <Filter Include="Syntax\Executor">
      <UniqueIdentifier>{CA5F9859-36EB-051E-3FFC-8812AB06621E}</UniqueIdentifier>
    </Filter>
    <Filter Include="Syntax\Expressions">
      <UniqueIdentifier>{7E7C9F4E-6A60-60A4-D3C0-5AF7BFC34A26}</UniqueIdentifier>
    </Filter>
    <Filter Include="Syntax\Expressions\Assignment">
      <UniqueIdentifier>{86C35909-F2DB-4033-BB88-D0CC2760D5CC}</UniqueIdentifier>
    </Filter>
    <Filter Include="Syntax\Expressions\Numeric">
      <UniqueIdentifier>{4008C906-2C18-75D7-95D1-D9F581006470}</UniqueIdentifier>
    </Filter>
    <Filter Include="Syntax\Expressions\Operations">
      <UniqueIdentifier>{117716A0-7D8F-FDC9-463C-8D63B2139263}</UniqueIdentifier>
    </Filter>
    <Filter Include="Syntax\Lexer">
      <UniqueIdentifier>{1B95C2D2-07F8-5177-B07D-8A2D9CBF1DFA}</UniqueIdentifier>
    </Filter>
    <Filter Include="Syntax\Parser">
      <UniqueIdentifier>{08691E34-7429-9A6A-3D64-E3E7A9E3DE46}</UniqueIdentifier>
    </Filter>
    <Filter Include="Syntax\Statements">
      <UniqueIdentifier>{63A891CD-CFBE-8F63-1836-1B85848B60EB}</UniqueIdentifier>
    </Filter>
    <Filter Include="Syntax\SyntaxTree">
      <UniqueIdentifier>{72D4C00A-DEEA-BEA0-2762-4AC293B78F28}</UniqueIdentifier>
    </Filter>
    <Filter Include="Syntax\Tokens">
      <UniqueIdentifier>{8F516C3E-FB11-E874-C44C-31F230CC2C51}</UniqueIdentifier>
    </Filter>
    <Filter Include="Text">
      <UniqueIdentifier>{EADC8C7C-D613-8E0D-7F00-74106B160A0F}</UniqueIdentifier>
    </Filter>
  </ItemGroup>
  <ItemGroup>
    <ClInclude Include="API\Bool.h">
      <Filter>API</Filter>
    </ClInclude>
    <ClInclude Include="API\Double.h">
      <Filter>API</Filter>
    </ClInclude>
    <ClInclude Include="API\Float.h">
      <Filter>API</Filter>
    </ClInclude>
    <ClInclude Include="API\Int.h">
      <Filter>API</Filter>
    </ClInclude>
    <ClInclude Include="API\Numerics.h">
      <Filter>API</Filter>
    </ClInclude>
    <ClInclude Include="API\Object.h">
      <Filter>API</Filter>
    </ClInclude>
    <ClInclude Include="API\String.h">
      <Filter>API</Filter>
    </ClInclude>
    <ClInclude Include="API\UInt.h">
      <Filter>API</Filter>
    </ClInclude>
    <ClInclude Include="Core\Repl\Commands\Command.h">
      <Filter>Core\Repl\Commands</Filter>
    </ClInclude>
    <ClInclude Include="Core\Repl\Commands\CommandHandler.h">
      <Filter>Core\Repl\Commands</Filter>
    </ClInclude>
    <ClInclude Include="Core\Repl\Commands\CommandTable.h">
      <Filter>Core\Repl\Commands</Filter>
    </ClInclude>
    <ClInclude Include="Core\Repl\Commands\ReplCommands.h">
      <Filter>Core\Repl\Commands</Filter>
    </ClInclude>
    <ClInclude Include="Core\Repl\Repl.h">
      <Filter>Core\Repl</Filter>
    </ClInclude>
    <ClInclude Include="Core\Repl\VariableTable.h">
      <Filter>Core\Repl</Filter>
    </ClInclude>
    <ClInclude Include="Errors\Error.h">
      <Filter>Errors</Filter>
    </ClInclude>
    <ClInclude Include="Errors\ErrorList.h">
      <Filter>Errors</Filter>
    </ClInclude>
    <ClInclude Include="Errors\ErrorReporter.h">
      <Filter>Errors</Filter>
    </ClInclude>
    <ClInclude Include="Errors\Exceptions\ObjectConversionException.h">
      <Filter>Errors\Exceptions</Filter>
    </ClInclude>
    <ClInclude Include="Libraries\AnsiStyle\AnsiStyle.h">
      <Filter>Libraries\AnsiStyle</Filter>
    </ClInclude>
    <ClInclude Include="Libraries\Console\Console.h">
      <Filter>Libraries\Console</Filter>
    </ClInclude>
    <ClInclude Include="Syntax\Executor\Executor.h">
      <Filter>Syntax\Executor</Filter>
    </ClInclude>
    <ClInclude Include="Syntax\Expressions\Assignment\AssignmentExpression.h">
      <Filter>Syntax\Expressions\Assignment</Filter>
    </ClInclude>
    <ClInclude Include="Syntax\Expressions\Assignment\AssignmentOperator.h">
      <Filter>Syntax\Expressions\Assignment</Filter>
    </ClInclude>
    <ClInclude Include="Syntax\Expressions\BooleanLiteral.h">
      <Filter>Syntax\Expressions</Filter>
    </ClInclude>
    <ClInclude Include="Syntax\Expressions\ConditionalDeclaration.h">
      <Filter>Syntax\Expressions</Filter>
    </ClInclude>
    <ClInclude Include="Syntax\Expressions\Expression.h">
      <Filter>Syntax\Expressions</Filter>
    </ClInclude>
    <ClInclude Include="Syntax\Expressions\ExpressionType.h">
      <Filter>Syntax\Expressions</Filter>
    </ClInclude>
    <ClInclude Include="Syntax\Expressions\Expressions.h">
      <Filter>Syntax\Expressions</Filter>
    </ClInclude>
    <ClInclude Include="Syntax\Expressions\IdentifierExpression.h">
      <Filter>Syntax\Expressions</Filter>
    </ClInclude>
    <ClInclude Include="Syntax\Expressions\InlineIfElse.h">
      <Filter>Syntax\Expressions</Filter>
    </ClInclude>
    <ClInclude Include="Syntax\Expressions\Numeric\NumericBase.h">
      <Filter>Syntax\Expressions\Numeric</Filter>
    </ClInclude>
    <ClInclude Include="Syntax\Expressions\Numeric\NumericLiteral.h">
      <Filter>Syntax\Expressions\Numeric</Filter>
    </ClInclude>
    <ClInclude Include="Syntax\Expressions\Numeric\NumericType.h">
      <Filter>Syntax\Expressions\Numeric</Filter>
    </ClInclude>
    <ClInclude Include="Syntax\Expressions\Operations\BinaryOperation.h">
      <Filter>Syntax\Expressions\Operations</Filter>
    </ClInclude>
    <ClInclude Include="Syntax\Expressions\Operations\Operations.h">
      <Filter>Syntax\Expressions\Operations</Filter>
    </ClInclude>
    <ClInclude Include="Syntax\Expressions\Operations\Operator.h">
      <Filter>Syntax\Expressions\Operations</Filter>
    </ClInclude>
    <ClInclude Include="Syntax\Expressions\Operations\UnaryOperation.h">
      <Filter>Syntax\Expressions\Operations</Filter>
    </ClInclude>
    <ClInclude Include="Syntax\Expressions\ParenthesesExpression.h">
      <Filter>Syntax\Expressions</Filter>
    </ClInclude>
    <ClInclude Include="Syntax\Expressions\StringExpression.h">
      <Filter>Syntax\Expressions</Filter>
    </ClInclude>
    <ClInclude Include="Syntax\Lexer\Lexer.h">
      <Filter>Syntax\Lexer</Filter>
    </ClInclude>
    <ClInclude Include="Syntax\Parser\Parser.h">
      <Filter>Syntax\Parser</Filter>
    </ClInclude>
    <ClInclude Include="Syntax\Statements\BlockStatement.h">
      <Filter>Syntax\Statements</Filter>
    </ClInclude>
    <ClInclude Include="Syntax\Statements\ExpressionStatement.h">
      <Filter>Syntax\Statements</Filter>
    </ClInclude>
    <ClInclude Include="Syntax\Statements\ForStatement.h">
      <Filter>Syntax\Statements</Filter>
    </ClInclude>
    <ClInclude Include="Syntax\Statements\IfStatement.h">
      <Filter>Syntax\Statements</Filter>
    </ClInclude>
    <ClInclude Include="Syntax\Statements\Statement.h">
      <Filter>Syntax\Statements</Filter>
    </ClInclude>
    <ClInclude Include="Syntax\Statements\StatementType.h">
      <Filter>Syntax\Statements</Filter>
    </ClInclude>
    <ClInclude Include="Syntax\Statements\Statements.h">
      <Filter>Syntax\Statements</Filter>
    </ClInclude>
    <ClInclude Include="Syntax\Statements\VariableDeclaration.h">
      <Filter>Syntax\Statements</Filter>
    </ClInclude>
    <ClInclude Include="Syntax\Statements\WhileStatement.h">
      <Filter>Syntax\Statements</Filter>
    </ClInclude>
    <ClInclude Include="Syntax\SyntaxRules.h">
      <Filter>Syntax</Filter>
    </ClInclude>
    <ClInclude Include="Syntax\SyntaxTree\AstPrinter.h">
      <Filter>Syntax\SyntaxTree</Filter>
    </ClInclude>
    <ClInclude Include="Syntax\SyntaxTree\CompilationUnit.h">
      <Filter>Syntax\SyntaxTree</Filter>
    </ClInclude>
    <ClInclude Include="Syntax\SyntaxTree\SyntaxTree.h">
      <Filter>Syntax\SyntaxTree</Filter>
    </ClInclude>
    <ClInclude Include="Syntax\Tokens\Keyword.h">
      <Filter>Syntax\Tokens</Filter>
    </ClInclude>
    <ClInclude Include="Syntax\Tokens\Token.h">
      <Filter>Syntax\Tokens</Filter>
    </ClInclude>
    <ClInclude Include="Syntax\Tokens\TokenType.h">
      <Filter>Syntax\Tokens</Filter>
    </ClInclude>
    <ClInclude Include="Text\Line.h">
      <Filter>Text</Filter>
    </ClInclude>
    <ClInclude Include="Text\SourceText.h">
      <Filter>Text</Filter>
    </ClInclude>
    <ClInclude Include="Text\TextSpan.h">
      <Filter>Text</Filter>
    </ClInclude>
    <ClInclude Include="resource.h" />
    <ClInclude Include="Errors\Exceptions\WrongConverterException.h" />
    <ClInclude Include="API\IStringable.h" />
    <ClInclude Include="Syntax\Executor\NameTable.h" />
    <ClInclude Include="DataTypes\ConversionTable.h" />
    <ClInclude Include="DataTypes\Conversion.h" />
    <ClInclude Include="DataTypes\Variables\Data.h">
      <Filter>DataTypes</Filter>
    </ClInclude>
    <ClInclude Include="DataTypes\Variables\Variable.h">
      <Filter>DataTypes</Filter>
    </ClInclude>
    <ClInclude Include="DataTypes\Types\StaticTypeSymbols.h">
      <Filter>DataTypes</Filter>
    </ClInclude>
    <ClInclude Include="DataTypes\Types\TypeSymbol.h">
      <Filter>DataTypes</Filter>
    </ClInclude>
    <ClInclude Include="DataTypes\Types\TypeTable.h">
      <Filter>DataTypes</Filter>
    </ClInclude>
    <ClInclude Include="DataTypes\Types\Primitives.h">
      <Filter>DataTypes</Filter>
    </ClInclude>
    <ClInclude Include="DataTypes\Operators\UnaryOperatorOverload.h" />
    <ClInclude Include="DataTypes\Operators\OperatorsTable.h" />
    <ClInclude Include="DataTypes\Operators\BinaryOperatorOverload.h" />
    <ClInclude Include="DataTypes\Operators\OperatorOverloads.h" />
    <ClInclude Include="DataTypes\Variables\Scope.h">
      <Filter>Syntax\Executor</Filter>
    </ClInclude>
    <ClInclude Include="Libraries\AllocationTracking\AllocationTracking.h" />
    <ClInclude Include="Libraries\AllocationTracking\AutomaticTracker.h" />
    <ClInclude Include="Libraries\Platform.h" />
  </ItemGroup>
  <ItemGroup>
    <ClCompile Include="Core\Repl\Commands\Command.cpp">
      <Filter>Core\Repl\Commands</Filter>
    </ClCompile>
    <ClCompile Include="Core\Repl\Commands\CommandHandler.cpp">
      <Filter>Core\Repl\Commands</Filter>
    </ClCompile>
    <ClCompile Include="Core\Repl\Commands\CommandTable.cpp">
      <Filter>Core\Repl\Commands</Filter>
    </ClCompile>
    <ClCompile Include="Core\Repl\Commands\ReplCommands.cpp">
      <Filter>Core\Repl\Commands</Filter>
    </ClCompile>
    <ClCompile Include="Core\Repl\Repl.cpp">
      <Filter>Core\Repl</Filter>
    </ClCompile>
    <ClCompile Include="Errors\ErrorList.cpp">
      <Filter>Errors</Filter>
    </ClCompile>
    <ClCompile Include="Errors\ErrorReporter.cpp">
      <Filter>Errors</Filter>
    </ClCompile>
    <ClCompile Include="Libraries\AnsiStyle\AnsiStyle.cpp">
      <Filter>Libraries\AnsiStyle</Filter>
    </ClCompile>
    <ClCompile Include="Syntax\Executor\Executor.cpp">
      <Filter>Syntax\Executor</Filter>
    </ClCompile>
    <ClCompile Include="Syntax\Expressions\Numeric\NumericLiteral.cpp">
      <Filter>Syntax\Expressions\Numeric</Filter>
    </ClCompile>
    <ClCompile Include="Syntax\Expressions\Operations\BinaryOperation.cpp">
      <Filter>Syntax\Expressions\Operations</Filter>
    </ClCompile>
    <ClCompile Include="Syntax\Expressions\Operations\UnaryOperation.cpp">
      <Filter>Syntax\Expressions\Operations</Filter>
    </ClCompile>
    <ClCompile Include="Syntax\Lexer\Lexer.cpp">
      <Filter>Syntax\Lexer</Filter>
    </ClCompile>
    <ClCompile Include="Syntax\Parser\Parser.cpp">
      <Filter>Syntax\Parser</Filter>
    </ClCompile>
    <ClCompile Include="Syntax\Statements\ExpressionStatement.cpp">
      <Filter>Syntax\Statements</Filter>
    </ClCompile>
    <ClCompile Include="Syntax\Statements\Statement.cpp">
      <Filter>Syntax\Statements</Filter>
    </ClCompile>
    <ClCompile Include="Syntax\Statements\VariableDeclaration.cpp">
      <Filter>Syntax\Statements</Filter>
    </ClCompile>
    <ClCompile Include="Syntax\SyntaxRules.cpp">
      <Filter>Syntax</Filter>
    </ClCompile>
    <ClCompile Include="Syntax\SyntaxTree\AstPrinter.cpp">
      <Filter>Syntax\SyntaxTree</Filter>
    </ClCompile>
    <ClCompile Include="Syntax\SyntaxTree\SyntaxTree.cpp">
      <Filter>Syntax\SyntaxTree</Filter>
    </ClCompile>
    <ClCompile Include="Syntax\Tokens\Token.cpp">
      <Filter>Syntax\Tokens</Filter>
    </ClCompile>
    <ClCompile Include="Text\SourceText.cpp">
      <Filter>Text</Filter>
    </ClCompile>
    <ClCompile Include="entrypoint.cpp" />
    <ClCompile Include="Syntax\Executor\NameTable.cpp" />
    <ClCompile Include="DataTypes\Variables\Data.cpp">
      <Filter>DataTypes</Filter>
    </ClCompile>
    <ClCompile Include="DataTypes\Variables\Variable.cpp">
      <Filter>DataTypes</Filter>
    </ClCompile>
    <ClCompile Include="DataTypes\Operators\BinaryOperatorOverload.cpp" />
    <ClCompile Include="DataTypes\Operators\UnaryOperatorOverload.cpp" />
    <ClCompile Include="DataTypes\Variables\Scope.cpp" />
    <ClCompile Include="Libraries\AllocationTracking\AllocationTracking.cpp" />
    <ClCompile Include="Libraries\Console\Console.cpp" />
  </ItemGroup>
  <ItemGroup>
    <ResourceCompile Include="Resource.rc" />
  </ItemGroup>
</Project>